
Microsoft Visual Studio Solution File, Format Version 12.00
# Visual Studio Version 17
VisualStudioVersion = 17.13.35825.156
MinimumVisualStudioVersion = 10.0.40219.1
Project("{8BC9CEB8-8B4A-11D0-8D11-00A0C91BC942}") = "Pz", "Pz\Pz.vcxproj", "{D841CC99-D6DC-45BF-90DE-4BB3FCAB204B}"
EndProject
Project("{8BC9CEB8-8B4A-11D0-8D11-00A0C91BC942}") = "Pz5", "Pz5\Pz5.vcxproj", "{53F157FD-681F-4C8C-9F83-CF2423E622BA}"
EndProject
Project("{8BC9CEB8-8B4A-11D0-8D11-00A0C91BC942}") = "ArithLib", "ArithLib\ArithLib.vcxproj", "{9E11568A-541A-4905-B6E6-212A0A1FE6F6}"
EndProject
Project("{8BC9CEB8-8B4A-11D0-8D11-00A0C91BC942}") = "StaticTest", "StaticTest\StaticTest.vcxproj", "{953FE94E-A58D-4918-8B4F-DA1D828992A3}"
EndProject
Project("{8BC9CEB8-8B4A-11D0-8D11-00A0C91BC942}") = "DynamicTest", "DynamicTest\DynamicTest.vcxproj", "{ACD1C356-DA27-4D4B-A157-C0136469D7E1}"
EndProject
Global
	GlobalSection(SolutionConfigurationPlatforms) = preSolution
		Debug|x64 = Debug|x64
		Debug|x86 = Debug|x86
		Release|x64 = Release|x64
		Release|x86 = Release|x86
	EndGlobalSection
	GlobalSection(ProjectConfigurationPlatforms) = postSolution
		{D841CC99-D6DC-45BF-90DE-4BB3FCAB204B}.Debug|x64.ActiveCfg = Debug|x64
		{D841CC99-D6DC-45BF-90DE-4BB3FCAB204B}.Debug|x64.Build.0 = Debug|x64
		{D841CC99-D6DC-45BF-90DE-4BB3FCAB204B}.Debug|x86.ActiveCfg = Debug|Win32
		{D841CC99-D6DC-45BF-90DE-4BB3FCAB204B}.Debug|x86.Build.0 = Debug|Win32
		{D841CC99-D6DC-45BF-90DE-4BB3FCAB204B}.Release|x64.ActiveCfg = Release|x64
		{D841CC99-D6DC-45BF-90DE-4BB3FCAB204B}.Release|x64.Build.0 = Release|x64
		{D841CC99-D6DC-45BF-90DE-4BB3FCAB204B}.Release|x86.ActiveCfg = Release|Win32
		{D841CC99-D6DC-45BF-90DE-4BB3FCAB204B}.Release|x86.Build.0 = Release|Win32
		{53F157FD-681F-4C8C-9F83-CF2423E622BA}.Debug|x64.ActiveCfg = Debug|x64
		{53F157FD-681F-4C8C-9F83-CF2423E622BA}.Debug|x64.Build.0 = Debug|x64
		{53F157FD-681F-4C8C-9F83-CF2423E622BA}.Debug|x86.ActiveCfg = Debug|Win32
		{53F157FD-681F-4C8C-9F83-CF2423E622BA}.Debug|x86.Build.0 = Debug|Win32
		{53F157FD-681F-4C8C-9F83-CF2423E622BA}.Release|x64.ActiveCfg = Release|x64
		{53F157FD-681F-4C8C-9F83-CF2423E622BA}.Release|x64.Build.0 = Release|x64
		{53F157FD-681F-4C8C-9F83-CF2423E622BA}.Release|x86.ActiveCfg = Release|Win32
		{53F157FD-681F-4C8C-9F83-CF2423E622BA}.Release|x86.Build.0 = Release|Win32
		{9E11568A-541A-4905-B6E6-212A0A1FE6F6}.Debug|x64.ActiveCfg = Debug|x64
		{9E11568A-541A-4905-B6E6-212A0A1FE6F6}.Debug|x64.Build.0 = Debug|x64
		{9E11568A-541A-4905-B6E6-212A0A1FE6F6}.Debug|x86.ActiveCfg = Debug|Win32
		{9E11568A-541A-4905-B6E6-212A0A1FE6F6}.Debug|x86.Build.0 = Debug|Win32
		{9E11568A-541A-4905-B6E6-212A0A1FE6F6}.Release|x64.ActiveCfg = Release|x64
		{9E11568A-541A-4905-B6E6-212A0A1FE6F6}.Release|x64.Build.0 = Release|x64
		{9E11568A-541A-4905-B6E6-212A0A1FE6F6}.Release|x86.ActiveCfg = Release|Win32
		{9E11568A-541A-4905-B6E6-212A0A1FE6F6}.Release|x86.Build.0 = Release|Win32
		{953FE94E-A58D-4918-8B4F-DA1D828992A3}.Debug|x64.ActiveCfg = Debug|x64
		{953FE94E-A58D-4918-8B4F-DA1D828992A3}.Debug|x64.Build.0 = Debug|x64
		{953FE94E-A58D-4918-8B4F-DA1D828992A3}.Debug|x86.ActiveCfg = Debug|Win32
		{953FE94E-A58D-4918-8B4F-DA1D828992A3}.Debug|x86.Build.0 = Debug|Win32
		{953FE94E-A58D-4918-8B4F-DA1D828992A3}.Release|x64.ActiveCfg = Release|x64
		{953FE94E-A58D-4918-8B4F-DA1D828992A3}.Release|x64.Build.0 = Release|x64
		{953FE94E-A58D-4918-8B4F-DA1D828992A3}.Release|x86.ActiveCfg = Release|Win32
		{953FE94E-A58D-4918-8B4F-DA1D828992A3}.Release|x86.Build.0 = Release|Win32
		{ACD1C356-DA27-4D4B-A157-C0136469D7E1}.Debug|x64.ActiveCfg = Debug|x64
		{ACD1C356-DA27-4D4B-A157-C0136469D7E1}.Debug|x64.Build.0 = Debug|x64
		{ACD1C356-DA27-4D4B-A157-C0136469D7E1}.Debug|x86.ActiveCfg = Debug|Win32
		{ACD1C356-DA27-4D4B-A157-C0136469D7E1}.Debug|x86.Build.0 = Debug|Win32
		{ACD1C356-DA27-4D4B-A157-C0136469D7E1}.Release|x64.ActiveCfg = Release|x64
		{ACD1C356-DA27-4D4B-A157-C0136469D7E1}.Release|x64.Build.0 = Release|x64
		{ACD1C356-DA27-4D4B-A157-C0136469D7E1}.Release|x86.ActiveCfg = Release|Win32
		{ACD1C356-DA27-4D4B-A157-C0136469D7E1}.Release|x86.Build.0 = Release|Win32
	EndGlobalSection
	GlobalSection(SolutionProperties) = preSolution
		HideSolutionNode = FALSE
	EndGlobalSection
	GlobalSection(ExtensibilityGlobals) = postSolution
		SolutionGuid = {A3E6E628-CB9B-417C-B7B2-C4F3AC8B9E43}
	EndGlobalSection
EndGlobal
